// !$*UTF8*$!
{
	archiveVersion = 1;
	classes = {
	};
	objectVersion = 55;
	objects = {

/* Begin PBXBuildFile section */
		E358B30D28A04FF7007383D2 /* DataModel.swift in Sources */ = {isa = PBXBuildFile; fileRef = E358B30C28A04FF7007383D2 /* DataModel.swift */; };
		E358B30F28A05499007383D2 /* NetworkManager.swift in Sources */ = {isa = PBXBuildFile; fileRef = E358B30E28A05499007383D2 /* NetworkManager.swift */; };
		E358B31328A06214007383D2 /* ArtworkView.swift in Sources */ = {isa = PBXBuildFile; fileRef = E358B31228A06214007383D2 /* ArtworkView.swift */; };
		E358B31528A063A3007383D2 /* AlbumView.swift in Sources */ = {isa = PBXBuildFile; fileRef = E358B31428A063A3007383D2 /* AlbumView.swift */; };
		E358B31B28A6F9A0007383D2 /* VinylCoreData.xcdatamodeld in Sources */ = {isa = PBXBuildFile; fileRef = E358B31928A6F99F007383D2 /* VinylCoreData.xcdatamodeld */; };
		E358B31D28A70004007383D2 /* CoreDataManager.swift in Sources */ = {isa = PBXBuildFile; fileRef = E358B31C28A70004007383D2 /* CoreDataManager.swift */; };
		E358B31F28A70E57007383D2 /* CollectionViewModel.swift in Sources */ = {isa = PBXBuildFile; fileRef = E358B31E28A70E57007383D2 /* CollectionViewModel.swift */; };
		E358B32128A70F88007383D2 /* DiscoverViewModel.swift in Sources */ = {isa = PBXBuildFile; fileRef = E358B32028A70F88007383D2 /* DiscoverViewModel.swift */; };
		E358B32328A71010007383D2 /* AlbumViewModel.swift in Sources */ = {isa = PBXBuildFile; fileRef = E358B32228A71010007383D2 /* AlbumViewModel.swift */; };
		E381D7CD28401DFC009EBDE7 /* VinylApp.swift in Sources */ = {isa = PBXBuildFile; fileRef = E381D7CC28401DFC009EBDE7 /* VinylApp.swift */; };
		E381D7CF28401DFC009EBDE7 /* ContentView.swift in Sources */ = {isa = PBXBuildFile; fileRef = E381D7CE28401DFC009EBDE7 /* ContentView.swift */; };
		E381D7D128401DFF009EBDE7 /* Assets.xcassets in Resources */ = {isa = PBXBuildFile; fileRef = E381D7D028401DFF009EBDE7 /* Assets.xcassets */; };
		E381D7D428401DFF009EBDE7 /* Preview Assets.xcassets in Resources */ = {isa = PBXBuildFile; fileRef = E381D7D328401DFF009EBDE7 /* Preview Assets.xcassets */; };
		E381D7DC28402A63009EBDE7 /* Onboarding.swift in Sources */ = {isa = PBXBuildFile; fileRef = E381D7DB28402A62009EBDE7 /* Onboarding.swift */; };
		E381D7E528511AA9009EBDE7 /* DiscoverView.swift in Sources */ = {isa = PBXBuildFile; fileRef = E381D7E428511AA9009EBDE7 /* DiscoverView.swift */; };
		E381D7E728511ABA009EBDE7 /* CollectionView.swift in Sources */ = {isa = PBXBuildFile; fileRef = E381D7E628511ABA009EBDE7 /* CollectionView.swift */; };
/* End PBXBuildFile section */

/* Begin PBXFileReference section */
		E358B30C28A04FF7007383D2 /* DataModel.swift */ = {isa = PBXFileReference; lastKnownFileType = sourcecode.swift; path = DataModel.swift; sourceTree = "<group>"; };
		E358B30E28A05499007383D2 /* NetworkManager.swift */ = {isa = PBXFileReference; lastKnownFileType = sourcecode.swift; path = NetworkManager.swift; sourceTree = "<group>"; };
		E358B31228A06214007383D2 /* ArtworkView.swift */ = {isa = PBXFileReference; lastKnownFileType = sourcecode.swift; path = ArtworkView.swift; sourceTree = "<group>"; };
		E358B31428A063A3007383D2 /* AlbumView.swift */ = {isa = PBXFileReference; lastKnownFileType = sourcecode.swift; path = AlbumView.swift; sourceTree = "<group>"; };
		E358B31A28A6F99F007383D2 /* VinylCoreData.xcdatamodel */ = {isa = PBXFileReference; lastKnownFileType = wrapper.xcdatamodel; path = VinylCoreData.xcdatamodel; sourceTree = "<group>"; };
		E358B31C28A70004007383D2 /* CoreDataManager.swift */ = {isa = PBXFileReference; lastKnownFileType = sourcecode.swift; path = CoreDataManager.swift; sourceTree = "<group>"; };
		E358B31E28A70E57007383D2 /* CollectionViewModel.swift */ = {isa = PBXFileReference; lastKnownFileType = sourcecode.swift; path = CollectionViewModel.swift; sourceTree = "<group>"; };
		E358B32028A70F88007383D2 /* DiscoverViewModel.swift */ = {isa = PBXFileReference; lastKnownFileType = sourcecode.swift; path = DiscoverViewModel.swift; sourceTree = "<group>"; };
		E358B32228A71010007383D2 /* AlbumViewModel.swift */ = {isa = PBXFileReference; lastKnownFileType = sourcecode.swift; path = AlbumViewModel.swift; sourceTree = "<group>"; };
		E381D7C928401DFC009EBDE7 /* Vinyl.app */ = {isa = PBXFileReference; explicitFileType = wrapper.application; includeInIndex = 0; path = Vinyl.app; sourceTree = BUILT_PRODUCTS_DIR; };
		E381D7CC28401DFC009EBDE7 /* VinylApp.swift */ = {isa = PBXFileReference; lastKnownFileType = sourcecode.swift; path = VinylApp.swift; sourceTree = "<group>"; };
		E381D7CE28401DFC009EBDE7 /* ContentView.swift */ = {isa = PBXFileReference; lastKnownFileType = sourcecode.swift; path = ContentView.swift; sourceTree = "<group>"; };
		E381D7D028401DFF009EBDE7 /* Assets.xcassets */ = {isa = PBXFileReference; lastKnownFileType = folder.assetcatalog; path = Assets.xcassets; sourceTree = "<group>"; };
		E381D7D328401DFF009EBDE7 /* Preview Assets.xcassets */ = {isa = PBXFileReference; lastKnownFileType = folder.assetcatalog; path = "Preview Assets.xcassets"; sourceTree = "<group>"; };
		E381D7DA28402612009EBDE7 /* Info.plist */ = {isa = PBXFileReference; lastKnownFileType = text.plist; path = Info.plist; sourceTree = "<group>"; };
		E381D7DB28402A62009EBDE7 /* Onboarding.swift */ = {isa = PBXFileReference; lastKnownFileType = sourcecode.swift; path = Onboarding.swift; sourceTree = "<group>"; };
		E381D7E428511AA9009EBDE7 /* DiscoverView.swift */ = {isa = PBXFileReference; lastKnownFileType = sourcecode.swift; path = DiscoverView.swift; sourceTree = "<group>"; };
		E381D7E628511ABA009EBDE7 /* CollectionView.swift */ = {isa = PBXFileReference; lastKnownFileType = sourcecode.swift; path = CollectionView.swift; sourceTree = "<group>"; };
/* End PBXFileReference section */

/* Begin PBXFrameworksBuildPhase section */
		E381D7C628401DFC009EBDE7 /* Frameworks */ = {
			isa = PBXFrameworksBuildPhase;
			buildActionMask = 2147483647;
			files = (
			);
			runOnlyForDeploymentPostprocessing = 0;
		};
/* End PBXFrameworksBuildPhase section */

/* Begin PBXGroup section */
		E358B30B28A04FC3007383D2 /* Models */ = {
			isa = PBXGroup;
			children = (
				E358B30C28A04FF7007383D2 /* DataModel.swift */,
			);
			path = Models;
			sourceTree = "<group>";
		};
		E358B31628A1AA94007383D2 /* Discover */ = {
			isa = PBXGroup;
			children = (
				E381D7E428511AA9009EBDE7 /* DiscoverView.swift */,
				E358B32028A70F88007383D2 /* DiscoverViewModel.swift */,
			);
			path = Discover;
			sourceTree = "<group>";
		};
		E358B31728A1AAAE007383D2 /* Collection */ = {
			isa = PBXGroup;
			children = (
				E381D7E628511ABA009EBDE7 /* CollectionView.swift */,
				E358B31E28A70E57007383D2 /* CollectionViewModel.swift */,
			);
			path = Collection;
			sourceTree = "<group>";
		};
		E358B31828A1AAC2007383D2 /* Album Search Result */ = {
			isa = PBXGroup;
			children = (
				E358B31428A063A3007383D2 /* AlbumView.swift */,
				E358B32228A71010007383D2 /* AlbumViewModel.swift */,
				E358B31228A06214007383D2 /* ArtworkView.swift */,
			);
			path = "Album Search Result";
			sourceTree = "<group>";
		};
		E381D7C028401DFC009EBDE7 = {
			isa = PBXGroup;
			children = (
				E381D7CB28401DFC009EBDE7 /* Vinyl */,
				E381D7CA28401DFC009EBDE7 /* Products */,
			);
			sourceTree = "<group>";
		};
		E381D7CA28401DFC009EBDE7 /* Products */ = {
			isa = PBXGroup;
			children = (
				E381D7C928401DFC009EBDE7 /* Vinyl.app */,
			);
			name = Products;
			sourceTree = "<group>";
		};
		E381D7CB28401DFC009EBDE7 /* Vinyl */ = {
			isa = PBXGroup;
			children = (
				E381D7CC28401DFC009EBDE7 /* VinylApp.swift */,
				E381D7CE28401DFC009EBDE7 /* ContentView.swift */,
				E381D7E22842E204009EBDE7 /* Onboarding */,
				E381D7E3285117AA009EBDE7 /* Views */,
				E358B30B28A04FC3007383D2 /* Models */,
				E381D7E12842E1F7009EBDE7 /* Managers */,
				E381D7D028401DFF009EBDE7 /* Assets.xcassets */,
				E358B31928A6F99F007383D2 /* VinylCoreData.xcdatamodeld */,
				E381D7DA28402612009EBDE7 /* Info.plist */,
				E381D7D228401DFF009EBDE7 /* Preview Content */,
			);
			path = Vinyl;
			sourceTree = "<group>";
		};
		E381D7D228401DFF009EBDE7 /* Preview Content */ = {
			isa = PBXGroup;
			children = (
				E381D7D328401DFF009EBDE7 /* Preview Assets.xcassets */,
			);
			path = "Preview Content";
			sourceTree = "<group>";
		};
		E381D7E12842E1F7009EBDE7 /* Managers */ = {
			isa = PBXGroup;
			children = (
				E358B30E28A05499007383D2 /* NetworkManager.swift */,
				E358B31C28A70004007383D2 /* CoreDataManager.swift */,
			);
			path = Managers;
			sourceTree = "<group>";
		};
		E381D7E22842E204009EBDE7 /* Onboarding */ = {
			isa = PBXGroup;
			children = (
				E381D7DB28402A62009EBDE7 /* Onboarding.swift */,
			);
			path = Onboarding;
			sourceTree = "<group>";
		};
		E381D7E3285117AA009EBDE7 /* Views */ = {
			isa = PBXGroup;
			children = (
				E358B31828A1AAC2007383D2 /* Album Search Result */,
				E358B31628A1AA94007383D2 /* Discover */,
				E358B31728A1AAAE007383D2 /* Collection */,
			);
			path = Views;
			sourceTree = "<group>";
		};
/* End PBXGroup section */

/* Begin PBXNativeTarget section */
		E381D7C828401DFC009EBDE7 /* Vinyl */ = {
			isa = PBXNativeTarget;
			buildConfigurationList = E381D7D728401DFF009EBDE7 /* Build configuration list for PBXNativeTarget "Vinyl" */;
			buildPhases = (
				E381D7C528401DFC009EBDE7 /* Sources */,
				E381D7C628401DFC009EBDE7 /* Frameworks */,
				E381D7C728401DFC009EBDE7 /* Resources */,
			);
			buildRules = (
			);
			dependencies = (
			);
			name = Vinyl;
			productName = Vinyl;
			productReference = E381D7C928401DFC009EBDE7 /* Vinyl.app */;
			productType = "com.apple.product-type.application";
		};
/* End PBXNativeTarget section */

/* Begin PBXProject section */
		E381D7C128401DFC009EBDE7 /* Project object */ = {
			isa = PBXProject;
			attributes = {
				BuildIndependentTargetsInParallel = 1;
				LastSwiftUpdateCheck = 1330;
				LastUpgradeCheck = 1330;
				TargetAttributes = {
					E381D7C828401DFC009EBDE7 = {
						CreatedOnToolsVersion = 13.3.1;
					};
				};
			};
			buildConfigurationList = E381D7C428401DFC009EBDE7 /* Build configuration list for PBXProject "Vinyl" */;
			compatibilityVersion = "Xcode 13.0";
			developmentRegion = en;
			hasScannedForEncodings = 0;
			knownRegions = (
				en,
				Base,
			);
			mainGroup = E381D7C028401DFC009EBDE7;
			productRefGroup = E381D7CA28401DFC009EBDE7 /* Products */;
			projectDirPath = "";
			projectRoot = "";
			targets = (
				E381D7C828401DFC009EBDE7 /* Vinyl */,
			);
		};
/* End PBXProject section */

/* Begin PBXResourcesBuildPhase section */
		E381D7C728401DFC009EBDE7 /* Resources */ = {
			isa = PBXResourcesBuildPhase;
			buildActionMask = 2147483647;
			files = (
				E381D7D428401DFF009EBDE7 /* Preview Assets.xcassets in Resources */,
				E381D7D128401DFF009EBDE7 /* Assets.xcassets in Resources */,
			);
			runOnlyForDeploymentPostprocessing = 0;
		};
/* End PBXResourcesBuildPhase section */

/* Begin PBXSourcesBuildPhase section */
		E381D7C528401DFC009EBDE7 /* Sources */ = {
			isa = PBXSourcesBuildPhase;
			buildActionMask = 2147483647;
			files = (
				E358B31528A063A3007383D2 /* AlbumView.swift in Sources */,
				E358B31B28A6F9A0007383D2 /* VinylCoreData.xcdatamodeld in Sources */,
				E358B31F28A70E57007383D2 /* CollectionViewModel.swift in Sources */,
				E358B32328A71010007383D2 /* AlbumViewModel.swift in Sources */,
				E358B32128A70F88007383D2 /* DiscoverViewModel.swift in Sources */,
				E358B30D28A04FF7007383D2 /* DataModel.swift in Sources */,
				E358B31328A06214007383D2 /* ArtworkView.swift in Sources */,
				E381D7E728511ABA009EBDE7 /* CollectionView.swift in Sources */,
				E358B31D28A70004007383D2 /* CoreDataManager.swift in Sources */,
				E381D7DC28402A63009EBDE7 /* Onboarding.swift in Sources */,
				E358B30F28A05499007383D2 /* NetworkManager.swift in Sources */,
				E381D7E528511AA9009EBDE7 /* DiscoverView.swift in Sources */,
				E381D7CF28401DFC009EBDE7 /* ContentView.swift in Sources */,
				E381D7CD28401DFC009EBDE7 /* VinylApp.swift in Sources */,
			);
			runOnlyForDeploymentPostprocessing = 0;
		};
/* End PBXSourcesBuildPhase section */

/* Begin XCBuildConfiguration section */
		E381D7D528401DFF009EBDE7 /* Debug */ = {
			isa = XCBuildConfiguration;
			buildSettings = {
				ALWAYS_SEARCH_USER_PATHS = NO;
				CLANG_ANALYZER_NONNULL = YES;
				CLANG_ANALYZER_NUMBER_OBJECT_CONVERSION = YES_AGGRESSIVE;
				CLANG_CXX_LANGUAGE_STANDARD = "gnu++17";
				CLANG_ENABLE_MODULES = YES;
				CLANG_ENABLE_OBJC_ARC = YES;
				CLANG_ENABLE_OBJC_WEAK = YES;
				CLANG_WARN_BLOCK_CAPTURE_AUTORELEASING = YES;
				CLANG_WARN_BOOL_CONVERSION = YES;
				CLANG_WARN_COMMA = YES;
				CLANG_WARN_CONSTANT_CONVERSION = YES;
				CLANG_WARN_DEPRECATED_OBJC_IMPLEMENTATIONS = YES;
				CLANG_WARN_DIRECT_OBJC_ISA_USAGE = YES_ERROR;
				CLANG_WARN_DOCUMENTATION_COMMENTS = YES;
				CLANG_WARN_EMPTY_BODY = YES;
				CLANG_WARN_ENUM_CONVERSION = YES;
				CLANG_WARN_INFINITE_RECURSION = YES;
				CLANG_WARN_INT_CONVERSION = YES;
				CLANG_WARN_NON_LITERAL_NULL_CONVERSION = YES;
				CLANG_WARN_OBJC_IMPLICIT_RETAIN_SELF = YES;
				CLANG_WARN_OBJC_LITERAL_CONVERSION = YES;
				CLANG_WARN_OBJC_ROOT_CLASS = YES_ERROR;
				CLANG_WARN_QUOTED_INCLUDE_IN_FRAMEWORK_HEADER = YES;
				CLANG_WARN_RANGE_LOOP_ANALYSIS = YES;
				CLANG_WARN_STRICT_PROTOTYPES = YES;
				CLANG_WARN_SUSPICIOUS_MOVE = YES;
				CLANG_WARN_UNGUARDED_AVAILABILITY = YES_AGGRESSIVE;
				CLANG_WARN_UNREACHABLE_CODE = YES;
				CLANG_WARN__DUPLICATE_METHOD_MATCH = YES;
				COPY_PHASE_STRIP = NO;
				DEBUG_INFORMATION_FORMAT = dwarf;
				ENABLE_STRICT_OBJC_MSGSEND = YES;
				ENABLE_TESTABILITY = YES;
				GCC_C_LANGUAGE_STANDARD = gnu11;
				GCC_DYNAMIC_NO_PIC = NO;
				GCC_NO_COMMON_BLOCKS = YES;
				GCC_OPTIMIZATION_LEVEL = 0;
				GCC_PREPROCESSOR_DEFINITIONS = (
					"DEBUG=1",
					"$(inherited)",
				);
				GCC_WARN_64_TO_32_BIT_CONVERSION = YES;
				GCC_WARN_ABOUT_RETURN_TYPE = YES_ERROR;
				GCC_WARN_UNDECLARED_SELECTOR = YES;
				GCC_WARN_UNINITIALIZED_AUTOS = YES_AGGRESSIVE;
				GCC_WARN_UNUSED_FUNCTION = YES;
				GCC_WARN_UNUSED_VARIABLE = YES;
				IPHONEOS_DEPLOYMENT_TARGET = 15.4;
				MTL_ENABLE_DEBUG_INFO = INCLUDE_SOURCE;
				MTL_FAST_MATH = YES;
				ONLY_ACTIVE_ARCH = YES;
				SDKROOT = iphoneos;
				SWIFT_ACTIVE_COMPILATION_CONDITIONS = DEBUG;
				SWIFT_OPTIMIZATION_LEVEL = "-Onone";
			};
			name = Debug;
		};
		E381D7D628401DFF009EBDE7 /* Release */ = {
			isa = XCBuildConfiguration;
			buildSettings = {
				ALWAYS_SEARCH_USER_PATHS = NO;
				CLANG_ANALYZER_NONNULL = YES;
				CLANG_ANALYZER_NUMBER_OBJECT_CONVERSION = YES_AGGRESSIVE;
				CLANG_CXX_LANGUAGE_STANDARD = "gnu++17";
				CLANG_ENABLE_MODULES = YES;
				CLANG_ENABLE_OBJC_ARC = YES;
				CLANG_ENABLE_OBJC_WEAK = YES;
				CLANG_WARN_BLOCK_CAPTURE_AUTORELEASING = YES;
				CLANG_WARN_BOOL_CONVERSION = YES;
				CLANG_WARN_COMMA = YES;
				CLANG_WARN_CONSTANT_CONVERSION = YES;
				CLANG_WARN_DEPRECATED_OBJC_IMPLEMENTATIONS = YES;
				CLANG_WARN_DIRECT_OBJC_ISA_USAGE = YES_ERROR;
				CLANG_WARN_DOCUMENTATION_COMMENTS = YES;
				CLANG_WARN_EMPTY_BODY = YES;
				CLANG_WARN_ENUM_CONVERSION = YES;
				CLANG_WARN_INFINITE_RECURSION = YES;
				CLANG_WARN_INT_CONVERSION = YES;
				CLANG_WARN_NON_LITERAL_NULL_CONVERSION = YES;
				CLANG_WARN_OBJC_IMPLICIT_RETAIN_SELF = YES;
				CLANG_WARN_OBJC_LITERAL_CONVERSION = YES;
				CLANG_WARN_OBJC_ROOT_CLASS = YES_ERROR;
				CLANG_WARN_QUOTED_INCLUDE_IN_FRAMEWORK_HEADER = YES;
				CLANG_WARN_RANGE_LOOP_ANALYSIS = YES;
				CLANG_WARN_STRICT_PROTOTYPES = YES;
				CLANG_WARN_SUSPICIOUS_MOVE = YES;
				CLANG_WARN_UNGUARDED_AVAILABILITY = YES_AGGRESSIVE;
				CLANG_WARN_UNREACHABLE_CODE = YES;
				CLANG_WARN__DUPLICATE_METHOD_MATCH = YES;
				COPY_PHASE_STRIP = NO;
				DEBUG_INFORMATION_FORMAT = "dwarf-with-dsym";
				ENABLE_NS_ASSERTIONS = NO;
				ENABLE_STRICT_OBJC_MSGSEND = YES;
				GCC_C_LANGUAGE_STANDARD = gnu11;
				GCC_NO_COMMON_BLOCKS = YES;
				GCC_WARN_64_TO_32_BIT_CONVERSION = YES;
				GCC_WARN_ABOUT_RETURN_TYPE = YES_ERROR;
				GCC_WARN_UNDECLARED_SELECTOR = YES;
				GCC_WARN_UNINITIALIZED_AUTOS = YES_AGGRESSIVE;
				GCC_WARN_UNUSED_FUNCTION = YES;
				GCC_WARN_UNUSED_VARIABLE = YES;
				IPHONEOS_DEPLOYMENT_TARGET = 15.4;
				MTL_ENABLE_DEBUG_INFO = NO;
				MTL_FAST_MATH = YES;
				SDKROOT = iphoneos;
				SWIFT_COMPILATION_MODE = wholemodule;
				SWIFT_OPTIMIZATION_LEVEL = "-O";
				VALIDATE_PRODUCT = YES;
			};
			name = Release;
		};
		E381D7D828401DFF009EBDE7 /* Debug */ = {
			isa = XCBuildConfiguration;
			buildSettings = {
				ASSETCATALOG_COMPILER_APPICON_NAME = AppIcon;
				ASSETCATALOG_COMPILER_GLOBAL_ACCENT_COLOR_NAME = AccentColor;
				CODE_SIGN_STYLE = Automatic;
				CURRENT_PROJECT_VERSION = 1;
				DEVELOPMENT_ASSET_PATHS = "\"Vinyl/Preview Content\"";
				DEVELOPMENT_TEAM = QTL3ZJFVAP;
				ENABLE_PREVIEWS = YES;
				GENERATE_INFOPLIST_FILE = YES;
				INFOPLIST_FILE = Vinyl/Info.plist;
				INFOPLIST_KEY_UIApplicationSceneManifest_Generation = YES;
				INFOPLIST_KEY_UIApplicationSupportsIndirectInputEvents = YES;
				INFOPLIST_KEY_UILaunchScreen_Generation = YES;
				INFOPLIST_KEY_UISupportedInterfaceOrientations_iPad = "UIInterfaceOrientationPortrait UIInterfaceOrientationPortraitUpsideDown UIInterfaceOrientationLandscapeLeft UIInterfaceOrientationLandscapeRight";
				INFOPLIST_KEY_UISupportedInterfaceOrientations_iPhone = "UIInterfaceOrientationPortrait UIInterfaceOrientationLandscapeLeft UIInterfaceOrientationLandscapeRight";
				LD_RUNPATH_SEARCH_PATHS = (
					"$(inherited)",
					"@executable_path/Frameworks",
				);
				MARKETING_VERSION = 1.0;
				PRODUCT_BUNDLE_IDENTIFIER = com.thomasgray.Vinyl;
				PRODUCT_NAME = "$(TARGET_NAME)";
				SWIFT_EMIT_LOC_STRINGS = YES;
				SWIFT_VERSION = 5.0;
				TARGETED_DEVICE_FAMILY = "1,2";
			};
			name = Debug;
		};
		E381D7D928401DFF009EBDE7 /* Release */ = {
			isa = XCBuildConfiguration;
			buildSettings = {
				ASSETCATALOG_COMPILER_APPICON_NAME = AppIcon;
				ASSETCATALOG_COMPILER_GLOBAL_ACCENT_COLOR_NAME = AccentColor;
				CODE_SIGN_STYLE = Automatic;
				CURRENT_PROJECT_VERSION = 1;
				DEVELOPMENT_ASSET_PATHS = "\"Vinyl/Preview Content\"";
				DEVELOPMENT_TEAM = QTL3ZJFVAP;
				ENABLE_PREVIEWS = YES;
				GENERATE_INFOPLIST_FILE = YES;
				INFOPLIST_FILE = Vinyl/Info.plist;
				INFOPLIST_KEY_UIApplicationSceneManifest_Generation = YES;
				INFOPLIST_KEY_UIApplicationSupportsIndirectInputEvents = YES;
				INFOPLIST_KEY_UILaunchScreen_Generation = YES;
				INFOPLIST_KEY_UISupportedInterfaceOrientations_iPad = "UIInterfaceOrientationPortrait UIInterfaceOrientationPortraitUpsideDown UIInterfaceOrientationLandscapeLeft UIInterfaceOrientationLandscapeRight";
				INFOPLIST_KEY_UISupportedInterfaceOrientations_iPhone = "UIInterfaceOrientationPortrait UIInterfaceOrientationLandscapeLeft UIInterfaceOrientationLandscapeRight";
				LD_RUNPATH_SEARCH_PATHS = (
					"$(inherited)",
					"@executable_path/Frameworks",
				);
				MARKETING_VERSION = 1.0;
				PRODUCT_BUNDLE_IDENTIFIER = com.thomasgray.Vinyl;
				PRODUCT_NAME = "$(TARGET_NAME)";
				SWIFT_EMIT_LOC_STRINGS = YES;
				SWIFT_VERSION = 5.0;
				TARGETED_DEVICE_FAMILY = "1,2";
			};
			name = Release;
		};
/* End XCBuildConfiguration section */

/* Begin XCConfigurationList section */
		E381D7C428401DFC009EBDE7 /* Build configuration list for PBXProject "Vinyl" */ = {
			isa = XCConfigurationList;
			buildConfigurations = (
				E381D7D528401DFF009EBDE7 /* Debug */,
				E381D7D628401DFF009EBDE7 /* Release */,
			);
			defaultConfigurationIsVisible = 0;
			defaultConfigurationName = Release;
		};
		E381D7D728401DFF009EBDE7 /* Build configuration list for PBXNativeTarget "Vinyl" */ = {
			isa = XCConfigurationList;
			buildConfigurations = (
				E381D7D828401DFF009EBDE7 /* Debug */,
				E381D7D928401DFF009EBDE7 /* Release */,
			);
			defaultConfigurationIsVisible = 0;
			defaultConfigurationName = Release;
		};
/* End XCConfigurationList section */

/* Begin XCVersionGroup section */
		E358B31928A6F99F007383D2 /* VinylCoreData.xcdatamodeld */ = {
			isa = XCVersionGroup;
			children = (
				E358B31A28A6F99F007383D2 /* VinylCoreData.xcdatamodel */,
			);
			currentVersion = E358B31A28A6F99F007383D2 /* VinylCoreData.xcdatamodel */;
			path = VinylCoreData.xcdatamodeld;
			sourceTree = "<group>";
			versionGroupType = wrapper.xcdatamodel;
		};
/* End XCVersionGroup section */
	};
	rootObject = E381D7C128401DFC009EBDE7 /* Project object */;
}
